// !$*UTF8*$!
{
	archiveVersion = 1;
	classes = {
	};
	objectVersion = 51;
	objects = {

/* Begin PBXBuildFile section */
		351320238FD34E2F1E7ACDBA /* Pods_WebViewDemo.framework in Frameworks */ = {isa = PBXBuildFile; fileRef = E00F512BEF9EB7FC6450B89E /* Pods_WebViewDemo.framework */; };
		42226E102582DC3500B77F4C /* AppDelegate.swift in Sources */ = {isa = PBXBuildFile; fileRef = 42226E0F2582DC3500B77F4C /* AppDelegate.swift */; };
		42226E122582DC3500B77F4C /* ViewController.swift in Sources */ = {isa = PBXBuildFile; fileRef = 42226E112582DC3500B77F4C /* ViewController.swift */; };
		42226E152582DC3500B77F4C /* Main.storyboard in Resources */ = {isa = PBXBuildFile; fileRef = 42226E132582DC3500B77F4C /* Main.storyboard */; };
		42226E172582DC7900B77F4C /* Assets.xcassets in Resources */ = {isa = PBXBuildFile; fileRef = 42226E162582DC7900B77F4C /* Assets.xcassets */; };
		42226E1A2582DC7A00B77F4C /* LaunchScreen.storyboard in Resources */ = {isa = PBXBuildFile; fileRef = 42226E182582DC7A00B77F4C /* LaunchScreen.storyboard */; };
		42226E252582DC7B00B77F4C /* WebViewDemoTests.swift in Sources */ = {isa = PBXBuildFile; fileRef = 42226E242582DC7B00B77F4C /* WebViewDemoTests.swift */; };
		42226E302582DC7B00B77F4C /* WebViewDemoUITests.swift in Sources */ = {isa = PBXBuildFile; fileRef = 42226E2F2582DC7B00B77F4C /* WebViewDemoUITests.swift */; };
		E2B3ABD0B41B62AB99EAB0EE /* Pods_WebViewDemoTests.framework in Frameworks */ = {isa = PBXBuildFile; fileRef = 0085A0EB325626BC317A6570 /* Pods_WebViewDemoTests.framework */; };
		F35645C18D80EC6B0F1D0782 /* Pods_WebViewDemo_WebViewDemoUITests.framework in Frameworks */ = {isa = PBXBuildFile; fileRef = 214A283716FBBA2881022D72 /* Pods_WebViewDemo_WebViewDemoUITests.framework */; };
/* End PBXBuildFile section */

/* Begin PBXContainerItemProxy section */
		42226E212582DC7B00B77F4C /* PBXContainerItemProxy */ = {
			isa = PBXContainerItemProxy;
			containerPortal = 42226E042582DC3500B77F4C /* Project object */;
			proxyType = 1;
			remoteGlobalIDString = 42226E0B2582DC3500B77F4C;
			remoteInfo = WebViewDemo;
		};
		42226E2C2582DC7B00B77F4C /* PBXContainerItemProxy */ = {
			isa = PBXContainerItemProxy;
			containerPortal = 42226E042582DC3500B77F4C /* Project object */;
			proxyType = 1;
			remoteGlobalIDString = 42226E0B2582DC3500B77F4C;
			remoteInfo = WebViewDemo;
		};
/* End PBXContainerItemProxy section */

/* Begin PBXFileReference section */
		004809D07AB2104ACC7FBA55 /* Pods-WebViewDemo.debug.xcconfig */ = {isa = PBXFileReference; includeInIndex = 1; lastKnownFileType = text.xcconfig; name = "Pods-WebViewDemo.debug.xcconfig"; path = "Target Support Files/Pods-WebViewDemo/Pods-WebViewDemo.debug.xcconfig"; sourceTree = "<group>"; };
		0085A0EB325626BC317A6570 /* Pods_WebViewDemoTests.framework */ = {isa = PBXFileReference; explicitFileType = wrapper.framework; includeInIndex = 0; path = Pods_WebViewDemoTests.framework; sourceTree = BUILT_PRODUCTS_DIR; };
		214A283716FBBA2881022D72 /* Pods_WebViewDemo_WebViewDemoUITests.framework */ = {isa = PBXFileReference; explicitFileType = wrapper.framework; includeInIndex = 0; path = Pods_WebViewDemo_WebViewDemoUITests.framework; sourceTree = BUILT_PRODUCTS_DIR; };
		3A7B940C77642501D94E580A /* Pods-WebViewDemo-WebViewDemoUITests.debug.xcconfig */ = {isa = PBXFileReference; includeInIndex = 1; lastKnownFileType = text.xcconfig; name = "Pods-WebViewDemo-WebViewDemoUITests.debug.xcconfig"; path = "Target Support Files/Pods-WebViewDemo-WebViewDemoUITests/Pods-WebViewDemo-WebViewDemoUITests.debug.xcconfig"; sourceTree = "<group>"; };
		42226E0C2582DC3500B77F4C /* WebViewDemo.app */ = {isa = PBXFileReference; explicitFileType = wrapper.application; includeInIndex = 0; path = WebViewDemo.app; sourceTree = BUILT_PRODUCTS_DIR; };
		42226E0F2582DC3500B77F4C /* AppDelegate.swift */ = {isa = PBXFileReference; lastKnownFileType = sourcecode.swift; path = AppDelegate.swift; sourceTree = "<group>"; };
		42226E112582DC3500B77F4C /* ViewController.swift */ = {isa = PBXFileReference; lastKnownFileType = sourcecode.swift; path = ViewController.swift; sourceTree = "<group>"; };
		42226E142582DC3500B77F4C /* Base */ = {isa = PBXFileReference; lastKnownFileType = file.storyboard; name = Base; path = Base.lproj/Main.storyboard; sourceTree = "<group>"; };
		42226E162582DC7900B77F4C /* Assets.xcassets */ = {isa = PBXFileReference; lastKnownFileType = folder.assetcatalog; path = Assets.xcassets; sourceTree = "<group>"; };
		42226E192582DC7A00B77F4C /* Base */ = {isa = PBXFileReference; lastKnownFileType = file.storyboard; name = Base; path = Base.lproj/LaunchScreen.storyboard; sourceTree = "<group>"; };
		42226E1B2582DC7A00B77F4C /* Info.plist */ = {isa = PBXFileReference; lastKnownFileType = text.plist.xml; path = Info.plist; sourceTree = "<group>"; };
		42226E202582DC7B00B77F4C /* WebViewDemoTests.xctest */ = {isa = PBXFileReference; explicitFileType = wrapper.cfbundle; includeInIndex = 0; path = WebViewDemoTests.xctest; sourceTree = BUILT_PRODUCTS_DIR; };
		42226E242582DC7B00B77F4C /* WebViewDemoTests.swift */ = {isa = PBXFileReference; lastKnownFileType = sourcecode.swift; path = WebViewDemoTests.swift; sourceTree = "<group>"; };
		42226E262582DC7B00B77F4C /* Info.plist */ = {isa = PBXFileReference; lastKnownFileType = text.plist.xml; path = Info.plist; sourceTree = "<group>"; };
		42226E2B2582DC7B00B77F4C /* WebViewDemoUITests.xctest */ = {isa = PBXFileReference; explicitFileType = wrapper.cfbundle; includeInIndex = 0; path = WebViewDemoUITests.xctest; sourceTree = BUILT_PRODUCTS_DIR; };
		42226E2F2582DC7B00B77F4C /* WebViewDemoUITests.swift */ = {isa = PBXFileReference; lastKnownFileType = sourcecode.swift; path = WebViewDemoUITests.swift; sourceTree = "<group>"; };
		42226E312582DC7C00B77F4C /* Info.plist */ = {isa = PBXFileReference; lastKnownFileType = text.plist.xml; path = Info.plist; sourceTree = "<group>"; };
		8963ABC4BE565ED69AB77846 /* Pods-WebViewDemoTests.release.xcconfig */ = {isa = PBXFileReference; includeInIndex = 1; lastKnownFileType = text.xcconfig; name = "Pods-WebViewDemoTests.release.xcconfig"; path = "Target Support Files/Pods-WebViewDemoTests/Pods-WebViewDemoTests.release.xcconfig"; sourceTree = "<group>"; };
		8CADDE4D0406359879DF1092 /* Pods-WebViewDemoTests.debug.xcconfig */ = {isa = PBXFileReference; includeInIndex = 1; lastKnownFileType = text.xcconfig; name = "Pods-WebViewDemoTests.debug.xcconfig"; path = "Target Support Files/Pods-WebViewDemoTests/Pods-WebViewDemoTests.debug.xcconfig"; sourceTree = "<group>"; };
		9A35BA057A4BDD51DAC33001 /* Pods-WebViewDemo.release.xcconfig */ = {isa = PBXFileReference; includeInIndex = 1; lastKnownFileType = text.xcconfig; name = "Pods-WebViewDemo.release.xcconfig"; path = "Target Support Files/Pods-WebViewDemo/Pods-WebViewDemo.release.xcconfig"; sourceTree = "<group>"; };
		D59D2FD8EC5D50FB38BA2C7F /* Pods-WebViewDemo-WebViewDemoUITests.release.xcconfig */ = {isa = PBXFileReference; includeInIndex = 1; lastKnownFileType = text.xcconfig; name = "Pods-WebViewDemo-WebViewDemoUITests.release.xcconfig"; path = "Target Support Files/Pods-WebViewDemo-WebViewDemoUITests/Pods-WebViewDemo-WebViewDemoUITests.release.xcconfig"; sourceTree = "<group>"; };
		E00F512BEF9EB7FC6450B89E /* Pods_WebViewDemo.framework */ = {isa = PBXFileReference; explicitFileType = wrapper.framework; includeInIndex = 0; path = Pods_WebViewDemo.framework; sourceTree = BUILT_PRODUCTS_DIR; };
/* End PBXFileReference section */

/* Begin PBXFrameworksBuildPhase section */
		42226E092582DC3500B77F4C /* Frameworks */ = {
			isa = PBXFrameworksBuildPhase;
			buildActionMask = 2147483647;
			files = (
				351320238FD34E2F1E7ACDBA /* Pods_WebViewDemo.framework in Frameworks */,
			);
			runOnlyForDeploymentPostprocessing = 0;
		};
		42226E1D2582DC7B00B77F4C /* Frameworks */ = {
			isa = PBXFrameworksBuildPhase;
			buildActionMask = 2147483647;
			files = (
				E2B3ABD0B41B62AB99EAB0EE /* Pods_WebViewDemoTests.framework in Frameworks */,
			);
			runOnlyForDeploymentPostprocessing = 0;
		};
		42226E282582DC7B00B77F4C /* Frameworks */ = {
			isa = PBXFrameworksBuildPhase;
			buildActionMask = 2147483647;
			files = (
				F35645C18D80EC6B0F1D0782 /* Pods_WebViewDemo_WebViewDemoUITests.framework in Frameworks */,
			);
			runOnlyForDeploymentPostprocessing = 0;
		};
/* End PBXFrameworksBuildPhase section */

/* Begin PBXGroup section */
		2242080EDF18B3DC7F5220A5 /* Pods */ = {
			isa = PBXGroup;
			children = (
				004809D07AB2104ACC7FBA55 /* Pods-WebViewDemo.debug.xcconfig */,
				9A35BA057A4BDD51DAC33001 /* Pods-WebViewDemo.release.xcconfig */,
				3A7B940C77642501D94E580A /* Pods-WebViewDemo-WebViewDemoUITests.debug.xcconfig */,
				D59D2FD8EC5D50FB38BA2C7F /* Pods-WebViewDemo-WebViewDemoUITests.release.xcconfig */,
				8CADDE4D0406359879DF1092 /* Pods-WebViewDemoTests.debug.xcconfig */,
				8963ABC4BE565ED69AB77846 /* Pods-WebViewDemoTests.release.xcconfig */,
			);
			path = Pods;
			sourceTree = "<group>";
		};
		42226E032582DC3500B77F4C = {
			isa = PBXGroup;
			children = (
				42226E0E2582DC3500B77F4C /* WebViewDemo */,
				42226E232582DC7B00B77F4C /* WebViewDemoTests */,
				42226E2E2582DC7B00B77F4C /* WebViewDemoUITests */,
				42226E0D2582DC3500B77F4C /* Products */,
				2242080EDF18B3DC7F5220A5 /* Pods */,
				AABC3C11C333A0D66593A3FD /* Frameworks */,
			);
			sourceTree = "<group>";
		};
		42226E0D2582DC3500B77F4C /* Products */ = {
			isa = PBXGroup;
			children = (
				42226E0C2582DC3500B77F4C /* WebViewDemo.app */,
				42226E202582DC7B00B77F4C /* WebViewDemoTests.xctest */,
				42226E2B2582DC7B00B77F4C /* WebViewDemoUITests.xctest */,
			);
			name = Products;
			sourceTree = "<group>";
		};
		42226E0E2582DC3500B77F4C /* WebViewDemo */ = {
			isa = PBXGroup;
			children = (
				42226E0F2582DC3500B77F4C /* AppDelegate.swift */,
				42226E112582DC3500B77F4C /* ViewController.swift */,
				42226E132582DC3500B77F4C /* Main.storyboard */,
				42226E162582DC7900B77F4C /* Assets.xcassets */,
				42226E182582DC7A00B77F4C /* LaunchScreen.storyboard */,
				42226E1B2582DC7A00B77F4C /* Info.plist */,
			);
			path = WebViewDemo;
			sourceTree = "<group>";
		};
		42226E232582DC7B00B77F4C /* WebViewDemoTests */ = {
			isa = PBXGroup;
			children = (
				42226E242582DC7B00B77F4C /* WebViewDemoTests.swift */,
				42226E262582DC7B00B77F4C /* Info.plist */,
			);
			path = WebViewDemoTests;
			sourceTree = "<group>";
		};
		42226E2E2582DC7B00B77F4C /* WebViewDemoUITests */ = {
			isa = PBXGroup;
			children = (
				42226E2F2582DC7B00B77F4C /* WebViewDemoUITests.swift */,
				42226E312582DC7C00B77F4C /* Info.plist */,
			);
			path = WebViewDemoUITests;
			sourceTree = "<group>";
		};
		AABC3C11C333A0D66593A3FD /* Frameworks */ = {
			isa = PBXGroup;
			children = (
				E00F512BEF9EB7FC6450B89E /* Pods_WebViewDemo.framework */,
				214A283716FBBA2881022D72 /* Pods_WebViewDemo_WebViewDemoUITests.framework */,
				0085A0EB325626BC317A6570 /* Pods_WebViewDemoTests.framework */,
			);
			name = Frameworks;
			sourceTree = "<group>";
		};
/* End PBXGroup section */

/* Begin PBXNativeTarget section */
		42226E0B2582DC3500B77F4C /* WebViewDemo */ = {
			isa = PBXNativeTarget;
			buildConfigurationList = 42226E342582DC7C00B77F4C /* Build configuration list for PBXNativeTarget "WebViewDemo" */;
			buildPhases = (
				26923FB34F3834255E21FBC0 /* [CP] Check Pods Manifest.lock */,
				42226E082582DC3500B77F4C /* Sources */,
				42226E092582DC3500B77F4C /* Frameworks */,
				42226E0A2582DC3500B77F4C /* Resources */,
			);
			buildRules = (
			);
			dependencies = (
			);
			name = WebViewDemo;
			productName = WebViewDemo;
			productReference = 42226E0C2582DC3500B77F4C /* WebViewDemo.app */;
			productType = "com.apple.product-type.application";
		};
		42226E1F2582DC7B00B77F4C /* WebViewDemoTests */ = {
			isa = PBXNativeTarget;
			buildConfigurationList = 42226E372582DC7C00B77F4C /* Build configuration list for PBXNativeTarget "WebViewDemoTests" */;
			buildPhases = (
				598C9709B1412431A9CF892C /* [CP] Check Pods Manifest.lock */,
				42226E1C2582DC7B00B77F4C /* Sources */,
				42226E1D2582DC7B00B77F4C /* Frameworks */,
				42226E1E2582DC7B00B77F4C /* Resources */,
			);
			buildRules = (
			);
			dependencies = (
				42226E222582DC7B00B77F4C /* PBXTargetDependency */,
			);
			name = WebViewDemoTests;
			productName = WebViewDemoTests;
			productReference = 42226E202582DC7B00B77F4C /* WebViewDemoTests.xctest */;
			productType = "com.apple.product-type.bundle.unit-test";
		};
		42226E2A2582DC7B00B77F4C /* WebViewDemoUITests */ = {
			isa = PBXNativeTarget;
			buildConfigurationList = 42226E3A2582DC7C00B77F4C /* Build configuration list for PBXNativeTarget "WebViewDemoUITests" */;
			buildPhases = (
				11D91B381E1665F4D35AE15A /* [CP] Check Pods Manifest.lock */,
				42226E272582DC7B00B77F4C /* Sources */,
				42226E282582DC7B00B77F4C /* Frameworks */,
				42226E292582DC7B00B77F4C /* Resources */,
				BE40CFB6A222737B82EB08A9 /* [CP] Embed Pods Frameworks */,
			);
			buildRules = (
			);
			dependencies = (
				42226E2D2582DC7B00B77F4C /* PBXTargetDependency */,
			);
			name = WebViewDemoUITests;
			productName = WebViewDemoUITests;
			productReference = 42226E2B2582DC7B00B77F4C /* WebViewDemoUITests.xctest */;
			productType = "com.apple.product-type.bundle.ui-testing";
		};
/* End PBXNativeTarget section */

/* Begin PBXProject section */
		42226E042582DC3500B77F4C /* Project object */ = {
			isa = PBXProject;
			attributes = {
				LastSwiftUpdateCheck = 0930;
				LastUpgradeCheck = 0930;
				ORGANIZATIONNAME = Monku;
				TargetAttributes = {
					42226E0B2582DC3500B77F4C = {
						CreatedOnToolsVersion = 9.3.1;
					};
					42226E1F2582DC7B00B77F4C = {
						CreatedOnToolsVersion = 9.3.1;
						TestTargetID = 42226E0B2582DC3500B77F4C;
					};
					42226E2A2582DC7B00B77F4C = {
						CreatedOnToolsVersion = 9.3.1;
						TestTargetID = 42226E0B2582DC3500B77F4C;
					};
				};
			};
			buildConfigurationList = 42226E072582DC3500B77F4C /* Build configuration list for PBXProject "WebViewDemo" */;
			compatibilityVersion = "Xcode 9.3";
			developmentRegion = en;
			hasScannedForEncodings = 0;
			knownRegions = (
				en,
				Base,
			);
			mainGroup = 42226E032582DC3500B77F4C;
			productRefGroup = 42226E0D2582DC3500B77F4C /* Products */;
			projectDirPath = "";
			projectRoot = "";
			targets = (
				42226E0B2582DC3500B77F4C /* WebViewDemo */,
				42226E1F2582DC7B00B77F4C /* WebViewDemoTests */,
				42226E2A2582DC7B00B77F4C /* WebViewDemoUITests */,
			);
		};
/* End PBXProject section */

/* Begin PBXResourcesBuildPhase section */
		42226E0A2582DC3500B77F4C /* Resources */ = {
			isa = PBXResourcesBuildPhase;
			buildActionMask = 2147483647;
			files = (
				42226E1A2582DC7A00B77F4C /* LaunchScreen.storyboard in Resources */,
				42226E172582DC7900B77F4C /* Assets.xcassets in Resources */,
				42226E152582DC3500B77F4C /* Main.storyboard in Resources */,
			);
			runOnlyForDeploymentPostprocessing = 0;
		};
		42226E1E2582DC7B00B77F4C /* Resources */ = {
			isa = PBXResourcesBuildPhase;
			buildActionMask = 2147483647;
			files = (
			);
			runOnlyForDeploymentPostprocessing = 0;
		};
		42226E292582DC7B00B77F4C /* Resources */ = {
			isa = PBXResourcesBuildPhase;
			buildActionMask = 2147483647;
			files = (
			);
			runOnlyForDeploymentPostprocessing = 0;
		};
/* End PBXResourcesBuildPhase section */

/* Begin PBXShellScriptBuildPhase section */
		11D91B381E1665F4D35AE15A /* [CP] Check Pods Manifest.lock */ = {
			isa = PBXShellScriptBuildPhase;
			buildActionMask = 2147483647;
			files = (
			);
			inputPaths = (
				"${PODS_PODFILE_DIR_PATH}/Podfile.lock",
				"${PODS_ROOT}/Manifest.lock",
			);
			name = "[CP] Check Pods Manifest.lock";
			outputPaths = (
				"$(DERIVED_FILE_DIR)/Pods-WebViewDemo-WebViewDemoUITests-checkManifestLockResult.txt",
			);
			runOnlyForDeploymentPostprocessing = 0;
			shellPath = /bin/sh;
			shellScript = "diff \"${PODS_PODFILE_DIR_PATH}/Podfile.lock\" \"${PODS_ROOT}/Manifest.lock\" > /dev/null\nif [ $? != 0 ] ; then\n    # print error to STDERR\n    echo \"error: The sandbox is not in sync with the Podfile.lock. Run 'pod install' or update your CocoaPods installation.\" >&2\n    exit 1\nfi\n# This output is used by Xcode 'outputs' to avoid re-running this script phase.\necho \"SUCCESS\" > \"${SCRIPT_OUTPUT_FILE_0}\"\n";
			showEnvVarsInLog = 0;
		};
		26923FB34F3834255E21FBC0 /* [CP] Check Pods Manifest.lock */ = {
			isa = PBXShellScriptBuildPhase;
			buildActionMask = 2147483647;
			files = (
			);
			inputPaths = (
				"${PODS_PODFILE_DIR_PATH}/Podfile.lock",
				"${PODS_ROOT}/Manifest.lock",
			);
			name = "[CP] Check Pods Manifest.lock";
			outputPaths = (
				"$(DERIVED_FILE_DIR)/Pods-WebViewDemo-checkManifestLockResult.txt",
			);
			runOnlyForDeploymentPostprocessing = 0;
			shellPath = /bin/sh;
			shellScript = "diff \"${PODS_PODFILE_DIR_PATH}/Podfile.lock\" \"${PODS_ROOT}/Manifest.lock\" > /dev/null\nif [ $? != 0 ] ; then\n    # print error to STDERR\n    echo \"error: The sandbox is not in sync with the Podfile.lock. Run 'pod install' or update your CocoaPods installation.\" >&2\n    exit 1\nfi\n# This output is used by Xcode 'outputs' to avoid re-running this script phase.\necho \"SUCCESS\" > \"${SCRIPT_OUTPUT_FILE_0}\"\n";
			showEnvVarsInLog = 0;
		};
		598C9709B1412431A9CF892C /* [CP] Check Pods Manifest.lock */ = {
			isa = PBXShellScriptBuildPhase;
			buildActionMask = 2147483647;
			files = (
			);
			inputPaths = (
				"${PODS_PODFILE_DIR_PATH}/Podfile.lock",
				"${PODS_ROOT}/Manifest.lock",
			);
			name = "[CP] Check Pods Manifest.lock";
			outputPaths = (
				"$(DERIVED_FILE_DIR)/Pods-WebViewDemoTests-checkManifestLockResult.txt",
			);
			runOnlyForDeploymentPostprocessing = 0;
			shellPath = /bin/sh;
			shellScript = "diff \"${PODS_PODFILE_DIR_PATH}/Podfile.lock\" \"${PODS_ROOT}/Manifest.lock\" > /dev/null\nif [ $? != 0 ] ; then\n    # print error to STDERR\n    echo \"error: The sandbox is not in sync with the Podfile.lock. Run 'pod install' or update your CocoaPods installation.\" >&2\n    exit 1\nfi\n# This output is used by Xcode 'outputs' to avoid re-running this script phase.\necho \"SUCCESS\" > \"${SCRIPT_OUTPUT_FILE_0}\"\n";
			showEnvVarsInLog = 0;
		};
		BE40CFB6A222737B82EB08A9 /* [CP] Embed Pods Frameworks */ = {
			isa = PBXShellScriptBuildPhase;
			buildActionMask = 2147483647;
			files = (
			);
			inputFileListPaths = (
				"${PODS_ROOT}/Target Support Files/Pods-WebViewDemo-WebViewDemoUITests/Pods-WebViewDemo-WebViewDemoUITests-frameworks-${CONFIGURATION}-input-files.xcfilelist",
			);
			name = "[CP] Embed Pods Frameworks";
			outputFileListPaths = (
				"${PODS_ROOT}/Target Support Files/Pods-WebViewDemo-WebViewDemoUITests/Pods-WebViewDemo-WebViewDemoUITests-frameworks-${CONFIGURATION}-output-files.xcfilelist",
			);
			runOnlyForDeploymentPostprocessing = 0;
			shellPath = /bin/sh;
			shellScript = "\"${PODS_ROOT}/Target Support Files/Pods-WebViewDemo-WebViewDemoUITests/Pods-WebViewDemo-WebViewDemoUITests-frameworks.sh\"\n";
			showEnvVarsInLog = 0;
		};
/* End PBXShellScriptBuildPhase section */

/* Begin PBXSourcesBuildPhase section */
		42226E082582DC3500B77F4C /* Sources */ = {
			isa = PBXSourcesBuildPhase;
			buildActionMask = 2147483647;
			files = (
				42226E122582DC3500B77F4C /* ViewController.swift in Sources */,
				42226E102582DC3500B77F4C /* AppDelegate.swift in Sources */,
			);
			runOnlyForDeploymentPostprocessing = 0;
		};
		42226E1C2582DC7B00B77F4C /* Sources */ = {
			isa = PBXSourcesBuildPhase;
			buildActionMask = 2147483647;
			files = (
				42226E252582DC7B00B77F4C /* WebViewDemoTests.swift in Sources */,
			);
			runOnlyForDeploymentPostprocessing = 0;
		};
		42226E272582DC7B00B77F4C /* Sources */ = {
			isa = PBXSourcesBuildPhase;
			buildActionMask = 2147483647;
			files = (
				42226E302582DC7B00B77F4C /* WebViewDemoUITests.swift in Sources */,
			);
			runOnlyForDeploymentPostprocessing = 0;
		};
/* End PBXSourcesBuildPhase section */

/* Begin PBXTargetDependency section */
		42226E222582DC7B00B77F4C /* PBXTargetDependency */ = {
			isa = PBXTargetDependency;
			target = 42226E0B2582DC3500B77F4C /* WebViewDemo */;
			targetProxy = 42226E212582DC7B00B77F4C /* PBXContainerItemProxy */;
		};
		42226E2D2582DC7B00B77F4C /* PBXTargetDependency */ = {
			isa = PBXTargetDependency;
			target = 42226E0B2582DC3500B77F4C /* WebViewDemo */;
			targetProxy = 42226E2C2582DC7B00B77F4C /* PBXContainerItemProxy */;
		};
/* End PBXTargetDependency section */

/* Begin PBXVariantGroup section */
		42226E132582DC3500B77F4C /* Main.storyboard */ = {
			isa = PBXVariantGroup;
			children = (
				42226E142582DC3500B77F4C /* Base */,
			);
			name = Main.storyboard;
			sourceTree = "<group>";
		};
		42226E182582DC7A00B77F4C /* LaunchScreen.storyboard */ = {
			isa = PBXVariantGroup;
			children = (
				42226E192582DC7A00B77F4C /* Base */,
			);
			name = LaunchScreen.storyboard;
			sourceTree = "<group>";
		};
/* End PBXVariantGroup section */

/* Begin XCBuildConfiguration section */
		42226E322582DC7C00B77F4C /* Debug */ = {
			isa = XCBuildConfiguration;
			buildSettings = {
				ALWAYS_SEARCH_USER_PATHS = NO;
				CLANG_ANALYZER_NONNULL = YES;
				CLANG_ANALYZER_NUMBER_OBJECT_CONVERSION = YES_AGGRESSIVE;
				CLANG_CXX_LANGUAGE_STANDARD = "gnu++14";
				CLANG_CXX_LIBRARY = "libc++";
				CLANG_ENABLE_MODULES = YES;
				CLANG_ENABLE_OBJC_ARC = YES;
				CLANG_ENABLE_OBJC_WEAK = YES;
				CLANG_WARN_BLOCK_CAPTURE_AUTORELEASING = YES;
				CLANG_WARN_BOOL_CONVERSION = YES;
				CLANG_WARN_COMMA = YES;
				CLANG_WARN_CONSTANT_CONVERSION = YES;
				CLANG_WARN_DEPRECATED_OBJC_IMPLEMENTATIONS = YES;
				CLANG_WARN_DIRECT_OBJC_ISA_USAGE = YES_ERROR;
				CLANG_WARN_DOCUMENTATION_COMMENTS = YES;
				CLANG_WARN_EMPTY_BODY = YES;
				CLANG_WARN_ENUM_CONVERSION = YES;
				CLANG_WARN_INFINITE_RECURSION = YES;
				CLANG_WARN_INT_CONVERSION = YES;
				CLANG_WARN_NON_LITERAL_NULL_CONVERSION = YES;
				CLANG_WARN_OBJC_IMPLICIT_RETAIN_SELF = YES;
				CLANG_WARN_OBJC_LITERAL_CONVERSION = YES;
				CLANG_WARN_OBJC_ROOT_CLASS = YES_ERROR;
				CLANG_WARN_RANGE_LOOP_ANALYSIS = YES;
				CLANG_WARN_STRICT_PROTOTYPES = YES;
				CLANG_WARN_SUSPICIOUS_MOVE = YES;
				CLANG_WARN_UNGUARDED_AVAILABILITY = YES_AGGRESSIVE;
				CLANG_WARN_UNREACHABLE_CODE = YES;
				CLANG_WARN__DUPLICATE_METHOD_MATCH = YES;
				CODE_SIGN_IDENTITY = "iPhone Developer";
				COPY_PHASE_STRIP = NO;
				DEBUG_INFORMATION_FORMAT = dwarf;
				ENABLE_STRICT_OBJC_MSGSEND = YES;
				ENABLE_TESTABILITY = YES;
				GCC_C_LANGUAGE_STANDARD = gnu11;
				GCC_DYNAMIC_NO_PIC = NO;
				GCC_NO_COMMON_BLOCKS = YES;
				GCC_OPTIMIZATION_LEVEL = 0;
				GCC_PREPROCESSOR_DEFINITIONS = (
					"DEBUG=1",
					"$(inherited)",
				);
				GCC_WARN_64_TO_32_BIT_CONVERSION = YES;
				GCC_WARN_ABOUT_RETURN_TYPE = YES_ERROR;
				GCC_WARN_UNDECLARED_SELECTOR = YES;
				GCC_WARN_UNINITIALIZED_AUTOS = YES_AGGRESSIVE;
				GCC_WARN_UNUSED_FUNCTION = YES;
				GCC_WARN_UNUSED_VARIABLE = YES;
				IPHONEOS_DEPLOYMENT_TARGET = 11.3;
				MTL_ENABLE_DEBUG_INFO = YES;
				ONLY_ACTIVE_ARCH = YES;
				SDKROOT = iphoneos;
				SWIFT_ACTIVE_COMPILATION_CONDITIONS = DEBUG;
				SWIFT_OPTIMIZATION_LEVEL = "-Onone";
			};
			name = Debug;
		};
		42226E332582DC7C00B77F4C /* Release */ = {
			isa = XCBuildConfiguration;
			buildSettings = {
				ALWAYS_SEARCH_USER_PATHS = NO;
				CLANG_ANALYZER_NONNULL = YES;
				CLANG_ANALYZER_NUMBER_OBJECT_CONVERSION = YES_AGGRESSIVE;
				CLANG_CXX_LANGUAGE_STANDARD = "gnu++14";
				CLANG_CXX_LIBRARY = "libc++";
				CLANG_ENABLE_MODULES = YES;
				CLANG_ENABLE_OBJC_ARC = YES;
				CLANG_ENABLE_OBJC_WEAK = YES;
				CLANG_WARN_BLOCK_CAPTURE_AUTORELEASING = YES;
				CLANG_WARN_BOOL_CONVERSION = YES;
				CLANG_WARN_COMMA = YES;
				CLANG_WARN_CONSTANT_CONVERSION = YES;
				CLANG_WARN_DEPRECATED_OBJC_IMPLEMENTATIONS = YES;
				CLANG_WARN_DIRECT_OBJC_ISA_USAGE = YES_ERROR;
				CLANG_WARN_DOCUMENTATION_COMMENTS = YES;
				CLANG_WARN_EMPTY_BODY = YES;
				CLANG_WARN_ENUM_CONVERSION = YES;
				CLANG_WARN_INFINITE_RECURSION = YES;
				CLANG_WARN_INT_CONVERSION = YES;
				CLANG_WARN_NON_LITERAL_NULL_CONVERSION = YES;
				CLANG_WARN_OBJC_IMPLICIT_RETAIN_SELF = YES;
				CLANG_WARN_OBJC_LITERAL_CONVERSION = YES;
				CLANG_WARN_OBJC_ROOT_CLASS = YES_ERROR;
				CLANG_WARN_RANGE_LOOP_ANALYSIS = YES;
				CLANG_WARN_STRICT_PROTOTYPES = YES;
				CLANG_WARN_SUSPICIOUS_MOVE = YES;
				CLANG_WARN_UNGUARDED_AVAILABILITY = YES_AGGRESSIVE;
				CLANG_WARN_UNREACHABLE_CODE = YES;
				CLANG_WARN__DUPLICATE_METHOD_MATCH = YES;
				CODE_SIGN_IDENTITY = "iPhone Developer";
				COPY_PHASE_STRIP = NO;
				DEBUG_INFORMATION_FORMAT = "dwarf-with-dsym";
				ENABLE_NS_ASSERTIONS = NO;
				ENABLE_STRICT_OBJC_MSGSEND = YES;
				GCC_C_LANGUAGE_STANDARD = gnu11;
				GCC_NO_COMMON_BLOCKS = YES;
				GCC_WARN_64_TO_32_BIT_CONVERSION = YES;
				GCC_WARN_ABOUT_RETURN_TYPE = YES_ERROR;
				GCC_WARN_UNDECLARED_SELECTOR = YES;
				GCC_WARN_UNINITIALIZED_AUTOS = YES_AGGRESSIVE;
				GCC_WARN_UNUSED_FUNCTION = YES;
				GCC_WARN_UNUSED_VARIABLE = YES;
				IPHONEOS_DEPLOYMENT_TARGET = 11.3;
				MTL_ENABLE_DEBUG_INFO = NO;
				SDKROOT = iphoneos;
				SWIFT_COMPILATION_MODE = wholemodule;
				SWIFT_OPTIMIZATION_LEVEL = "-O";
				VALIDATE_PRODUCT = YES;
			};
			name = Release;
		};
		42226E352582DC7C00B77F4C /* Debug */ = {
			isa = XCBuildConfiguration;
			baseConfigurationReference = 004809D07AB2104ACC7FBA55 /* Pods-WebViewDemo.debug.xcconfig */;
			buildSettings = {
				ASSETCATALOG_COMPILER_APPICON_NAME = AppIcon;
				CODE_SIGN_STYLE = Automatic;
				DEVELOPMENT_TEAM = 84347F8P5F;
				INFOPLIST_FILE = WebViewDemo/Info.plist;
				LD_RUNPATH_SEARCH_PATHS = (
					"$(inherited)",
					"@executable_path/Frameworks",
				);
				PRODUCT_BUNDLE_IDENTIFIER = com.armando.WebViewDemo;
				PRODUCT_NAME = "$(TARGET_NAME)";
				SWIFT_REFLECTION_METADATA_LEVEL = none;
				SWIFT_VERSION = 4.0;
				TARGETED_DEVICE_FAMILY = "1,2";
			};
			name = Debug;
		};
		42226E362582DC7C00B77F4C /* Release */ = {
			isa = XCBuildConfiguration;
			baseConfigurationReference = 9A35BA057A4BDD51DAC33001 /* Pods-WebViewDemo.release.xcconfig */;
			buildSettings = {
				ASSETCATALOG_COMPILER_APPICON_NAME = AppIcon;
				CODE_SIGN_STYLE = Automatic;
				DEVELOPMENT_TEAM = 84347F8P5F;
				INFOPLIST_FILE = WebViewDemo/Info.plist;
				LD_RUNPATH_SEARCH_PATHS = (
					"$(inherited)",
					"@executable_path/Frameworks",
				);
				PRODUCT_BUNDLE_IDENTIFIER = com.armando.WebViewDemo;
				PRODUCT_NAME = "$(TARGET_NAME)";
				SWIFT_REFLECTION_METADATA_LEVEL = none;
				SWIFT_VERSION = 4.0;
				TARGETED_DEVICE_FAMILY = "1,2";
			};
			name = Release;
		};
		42226E382582DC7C00B77F4C /* Debug */ = {
			isa = XCBuildConfiguration;
			baseConfigurationReference = 8CADDE4D0406359879DF1092 /* Pods-WebViewDemoTests.debug.xcconfig */;
			buildSettings = {
				ALWAYS_EMBED_SWIFT_STANDARD_LIBRARIES = YES;
				BUNDLE_LOADER = "$(TEST_HOST)";
				CODE_SIGN_STYLE = Automatic;
				DEVELOPMENT_TEAM = UMYH784P9K;
				INFOPLIST_FILE = WebViewDemoTests/Info.plist;
				LD_RUNPATH_SEARCH_PATHS = (
					"$(inherited)",
					"@executable_path/Frameworks",
					"@loader_path/Frameworks",
				);
				PRODUCT_BUNDLE_IDENTIFIER = com.armando.WebViewDemoTests;
				PRODUCT_NAME = "$(TARGET_NAME)";
				SWIFT_VERSION = 4.0;
				TARGETED_DEVICE_FAMILY = "1,2";
				TEST_HOST = "$(BUILT_PRODUCTS_DIR)/WebViewDemo.app/WebViewDemo";
			};
			name = Debug;
		};
		42226E392582DC7C00B77F4C /* Release */ = {
			isa = XCBuildConfiguration;
			baseConfigurationReference = 8963ABC4BE565ED69AB77846 /* Pods-WebViewDemoTests.release.xcconfig */;
			buildSettings = {
				ALWAYS_EMBED_SWIFT_STANDARD_LIBRARIES = YES;
				BUNDLE_LOADER = "$(TEST_HOST)";
				CODE_SIGN_STYLE = Automatic;
				DEVELOPMENT_TEAM = UMYH784P9K;
				INFOPLIST_FILE = WebViewDemoTests/Info.plist;
				LD_RUNPATH_SEARCH_PATHS = (
					"$(inherited)",
					"@executable_path/Frameworks",
					"@loader_path/Frameworks",
				);
				PRODUCT_BUNDLE_IDENTIFIER = com.armando.WebViewDemoTests;
				PRODUCT_NAME = "$(TARGET_NAME)";
				SWIFT_VERSION = 4.0;
				TARGETED_DEVICE_FAMILY = "1,2";
				TEST_HOST = "$(BUILT_PRODUCTS_DIR)/WebViewDemo.app/WebViewDemo";
			};
			name = Release;
		};
		42226E3B2582DC7C00B77F4C /* Debug */ = {
			isa = XCBuildConfiguration;
			baseConfigurationReference = 3A7B940C77642501D94E580A /* Pods-WebViewDemo-WebViewDemoUITests.debug.xcconfig */;
			buildSettings = {
				ALWAYS_EMBED_SWIFT_STANDARD_LIBRARIES = YES;
				CODE_SIGN_STYLE = Automatic;
				DEVELOPMENT_TEAM = UMYH784P9K;
				INFOPLIST_FILE = WebViewDemoUITests/Info.plist;
				LD_RUNPATH_SEARCH_PATHS = (
					"$(inherited)",
					"@executable_path/Frameworks",
					"@loader_path/Frameworks",
				);
				PRODUCT_BUNDLE_IDENTIFIER = com.armando.WebViewDemoUITests;
				PRODUCT_NAME = "$(TARGET_NAME)";
				SWIFT_VERSION = 4.0;
				TARGETED_DEVICE_FAMILY = "1,2";
				TEST_TARGET_NAME = WebViewDemo;
			};
			name = Debug;
		};
		42226E3C2582DC7C00B77F4C /* Release */ = {
			isa = XCBuildConfiguration;
			baseConfigurationReference = D59D2FD8EC5D50FB38BA2C7F /* Pods-WebViewDemo-WebViewDemoUITests.release.xcconfig */;
			buildSettings = {
				ALWAYS_EMBED_SWIFT_STANDARD_LIBRARIES = YES;
				CODE_SIGN_STYLE = Automatic;
				DEVELOPMENT_TEAM = UMYH784P9K;
				INFOPLIST_FILE = WebViewDemoUITests/Info.plist;
				LD_RUNPATH_SEARCH_PATHS = (
					"$(inherited)",
					"@executable_path/Frameworks",
					"@loader_path/Frameworks",
				);
				PRODUCT_BUNDLE_IDENTIFIER = com.armando.WebViewDemoUITests;
				PRODUCT_NAME = "$(TARGET_NAME)";
				SWIFT_VERSION = 4.0;
				TARGETED_DEVICE_FAMILY = "1,2";
				TEST_TARGET_NAME = WebViewDemo;
			};
			name = Release;
		};
/* End XCBuildConfiguration section */

/* Begin XCConfigurationList section */
		42226E072582DC3500B77F4C /* Build configuration list for PBXProject "WebViewDemo" */ = {
			isa = XCConfigurationList;
			buildConfigurations = (
				42226E322582DC7C00B77F4C /* Debug */,
				42226E332582DC7C00B77F4C /* Release */,
			);
			defaultConfigurationIsVisible = 0;
			defaultConfigurationName = Release;
		};
		42226E342582DC7C00B77F4C /* Build configuration list for PBXNativeTarget "WebViewDemo" */ = {
			isa = XCConfigurationList;
			buildConfigurations = (
				42226E352582DC7C00B77F4C /* Debug */,
				42226E362582DC7C00B77F4C /* Release */,
			);
			defaultConfigurationIsVisible = 0;
			defaultConfigurationName = Release;
		};
		42226E372582DC7C00B77F4C /* Build configuration list for PBXNativeTarget "WebViewDemoTests" */ = {
			isa = XCConfigurationList;
			buildConfigurations = (
				42226E382582DC7C00B77F4C /* Debug */,
				42226E392582DC7C00B77F4C /* Release */,
			);
			defaultConfigurationIsVisible = 0;
			defaultConfigurationName = Release;
		};
		42226E3A2582DC7C00B77F4C /* Build configuration list for PBXNativeTarget "WebViewDemoUITests" */ = {
			isa = XCConfigurationList;
			buildConfigurations = (
				42226E3B2582DC7C00B77F4C /* Debug */,
				42226E3C2582DC7C00B77F4C /* Release */,
			);
			defaultConfigurationIsVisible = 0;
			defaultConfigurationName = Release;
		};
/* End XCConfigurationList section */
	};
	rootObject = 42226E042582DC3500B77F4C /* Project object */;
}
